github.com/armon/go-metrics: 6c5fa0d8f48f4661c9ba8709799c88d425ad20f0
github.com/asaskevich/govalidator: 0ac181471c45e5153dd36527926981230f51dfbd
github.com/boltdb/bolt: 119858097e94ac1089c404206de6f2eef3b22a9b
github.com/bom-d-van/sidekick: 89ccb9dbcc8ea27494109d7864572c01b3479964
github.com/corestoreio/csfw: 9df3ea3a365645c82d1b3930f344635fa3215c1f
github.com/disintegration/imaging: 546cb3c5137b3f1232e123a26aa033aade6b3066
github.com/gin-gonic/gin: 52fcc5dbf6e94df33ad313858fb94b713e9d1b4a
github.com/go-sql-driver/mysql: 3dd7008ac1529aca1bcd8a9db75228a71ba23cac
github.com/gocraft/health: 6bc56b7d5fcaa70b9a1387318ec885ec4a987def
github.com/golang/oauth2: ad0128250e8fba646a92ca9129716e523d63ef9f
github.com/golang/protobuf/proto: efcaa340c1a788c79e1ca31217d66aa41c405a51
github.com/gorilla/schema: 83d18c92c931a85a1393e7294a74dec23086f89c
github.com/gorilla/sessions: b6bcae186ac3099dba8fafce125dc930393f1e5e
github.com/hashicorp/go-msgpack/codec: fa3f63826f7c23912c15263591e65d54d080b458
github.com/hashicorp/raft: 1f230096d08c6e6a039048f38ba04da329c22cf3
github.com/hashicorp/raft-boltdb: d1e82c1ec3f15ee991f7cc7ffd5b67ff6f5bbaee
github.com/jinzhu/gorm: 021d7b33143de37b743d1cf660974e9c8d3f80ea
github.com/jinzhu/now: 70eb792519e2cb83a6ddebe055b122d3889b4e79
github.com/juju/errgo: 08cceb5d0b5331634b9826762a8fd53b29b86ad8
github.com/kr/pretty: e6ac2fc51e89a3249e82157fa0bb7a18ef9dd5bb
github.com/lib/pq/hstore: b269bd035a727d6c1081f76e7a239a1b00674c40
github.com/manveru/gostalk/gostalkc: 5af97442df8b43b5ff97d297dbe78a4f55dc048c
github.com/mattbaird/gochimp: b61cabb037b3948f0a87fe544b0a9c656fa37128
github.com/mattn/go-sqlite3: 3b3f1d01b2696af5501697c35629048c227586ab
github.com/qor/admin: f8f7d4edc028face81c588fb80f40d6980c8e334
github.com/qor/media_library: 5c76fa8fdc93715048b1e72ed2b23dd22488ccb3
github.com/qor/publish: e32525becf49626c73fdca1a4aa3c39ffde86a2d
github.com/qor/qor: c162de88ddf3ade5548e211a64c3a4969187d772
github.com/qor/roles: f1e05694734518c0ce2dc21151e0ecfccf4db8f4
github.com/qor/serializable_meta: eea3296fff71c33e725e92a40e0badb65c3876eb
github.com/qor/transition: a7bb4cb3a187f3016d536bd5ff4a24624d7a0f1d
github.com/stvp/rollbar: 1522f137dc8f896d1f9a21126f02de7b6d2400d8
github.com/tealeg/xlsx: e20c6c22db644d5dcecac3622fa3d5e6275ca155
github.com/theplant/cldr: 24040825604dc6c9c006e966f71def7c2e3559c7
github.com/theplant/qor-enterprise/promotion: b7e6d13d00998f22dbb7207a7626aa2566dcde45
github.com/tommy351/gin-sessions: 353060947eb6549deb9e15229c73ed37931acf5f
golang.org/x/crypto: aedad9a179ec1ea11b7064c57cbc6dc30d7724ec
golang.org/x/text: 0fe7e6856182a6ebfcf1e6a7aa90bead9a8e1bc0
